<?xml version="1.0" encoding="utf-8"?>
<Project ToolsVersion="4.0" xmlns="http://schemas.microsoft.com/developer/msbuild/2003">
  <ItemGroup>
    <Filter Include="소스 파일">
      <UniqueIdentifier>{4FC737F1-C7A5-4376-A066-2A32D752A2FF}</UniqueIdentifier>
      <Extensions>cpp;c;cc;cxx;def;odl;idl;hpj;bat;asm;asmx</Extensions>
    </Filter>
    <Filter Include="헤더 파일">
      <UniqueIdentifier>{93995380-89BD-4b04-88EB-625FBE52EBFB}</UniqueIdentifier>
      <Extensions>h;hh;hpp;hxx;hm;inl;inc;ipp;xsd</Extensions>
    </Filter>
    <Filter Include="리소스 파일">
      <UniqueIdentifier>{67DA6AB6-F800-4c08-8B7A-83BB121AAD01}</UniqueIdentifier>
      <Extensions>rc;ico;cur;bmp;dlg;rc2;rct;bin;rgs;gif;jpg;jpeg;jpe;resx;tiff;tif;png;wav;mfcribbon-ms</Extensions>
    </Filter>
  </ItemGroup>
  <ItemGroup>
    <ClCompile Include="book\ch28\28.11_감시카메라.cpp">
      <Filter>소스 파일</Filter>
    </ClCompile>
    <ClCompile Include="src\최대성정표만들기.cpp">
      <Filter>소스 파일</Filter>
    </ClCompile>
    <ClCompile Include="src\[SW]2806_N-Queen.cpp">
      <Filter>소스 파일</Filter>
    </ClCompile>
    <ClCompile Include="BFS\[BOJ]7562_나이트의 이동.cpp">
      <Filter>소스 파일</Filter>
    </ClCompile>
    <ClCompile Include="BFS\[BOJ]7569_토마토.cpp">
      <Filter>소스 파일</Filter>
    </ClCompile>
    <ClCompile Include="BFS\[BOJ]7576_토마토.cpp">
      <Filter>소스 파일</Filter>
    </ClCompile>
    <ClCompile Include="DFS\[BOJ]2573_빙산.cpp">
      <Filter>소스 파일</Filter>
    </ClCompile>
    <ClCompile Include="DFS\[BOJ]2667_단지번호붙이기.cpp">
      <Filter>소스 파일</Filter>
    </ClCompile>
    <ClCompile Include="DFS\[BOJ]1260_DFS와BFS.cpp">
      <Filter>소스 파일</Filter>
    </ClCompile>
    <ClCompile Include="DP\[BOJ]9050_1,2,3더하기.cpp">
      <Filter>소스 파일</Filter>
    </ClCompile>
    <ClCompile Include="DFS\[BOJ]2468_안전영역.cpp">
      <Filter>소스 파일</Filter>
    </ClCompile>
    <ClCompile Include="DP\[BOJ]9251_LCS.cpp">
      <Filter>소스 파일</Filter>
    </ClCompile>
    <ClCompile Include="DP\[백준]2747_피보나치.cpp">
      <Filter>소스 파일</Filter>
    </ClCompile>
    <ClCompile Include="DP\[백준]1463_1로만들기.cpp">
      <Filter>소스 파일</Filter>
    </ClCompile>
    <ClCompile Include="DP\[백준]11726_2xn타일링.cpp">
      <Filter>소스 파일</Filter>
    </ClCompile>
    <ClCompile Include="DP\[백준]11727_2xn타일링2.cpp">
      <Filter>소스 파일</Filter>
    </ClCompile>
    <ClCompile Include="DP\[백준]11052_붕어빵판매하기.cpp">
      <Filter>소스 파일</Filter>
    </ClCompile>
    <ClCompile Include="DFS\[백준]1564_N과M%281%29.cpp">
      <Filter>소스 파일</Filter>
    </ClCompile>
    <ClCompile Include="DFS\[백준]1561_N과M%283%29.cpp">
      <Filter>소스 파일</Filter>
    </ClCompile>
    <ClCompile Include="DFS\[BOJ]2606_바이러스.cpp">
      <Filter>소스 파일</Filter>
    </ClCompile>
    <ClCompile Include="DFS\[백준]1707_이분그래프.cpp">
      <Filter>소스 파일</Filter>
    </ClCompile>
    <ClCompile Include="DFS\[백준]14502_연구소.cpp">
      <Filter>소스 파일</Filter>
    </ClCompile>
    <ClCompile Include="src\[SWEA]1249_보급로.cpp">
      <Filter>소스 파일</Filter>
    </ClCompile>
    <ClCompile Include="src\[백준]1654_랜선자르기.cpp">
      <Filter>소스 파일</Filter>
    </ClCompile>
    <ClCompile Include="BFS\[백준] 5214_환승.cpp">
      <Filter>소스 파일</Filter>
    </ClCompile>
    <ClCompile Include="DFS\[SWEA]1219_길찾기.cpp">
      <Filter>소스 파일</Filter>
    </ClCompile>
    <ClCompile Include="BFS\[SWEA]1227_미로2.cpp">
      <Filter>소스 파일</Filter>
    </ClCompile>
    <ClCompile Include="DFS\[SWEA]4008_숫자 만들기%28next permutation%29.cpp">
      <Filter>소스 파일</Filter>
    </ClCompile>
    <ClCompile Include="DFS\[SWEA]4008_숫자만들기%28dfs%29.cpp">
      <Filter>소스 파일</Filter>
    </ClCompile>
    <ClCompile Include="BFS\[백준]3055_탈출.cpp">
      <Filter>소스 파일</Filter>
    </ClCompile>
    <ClCompile Include="BFS\[백준]2589_보물섬.cpp">
      <Filter>소스 파일</Filter>
    </ClCompile>
    <ClCompile Include="DFS\[백준]1987_알파벳.cpp">
      <Filter>소스 파일</Filter>
    </ClCompile>
    <ClCompile Include="DFS\[백준]1759_암호만들기.cpp">
      <Filter>소스 파일</Filter>
    </ClCompile>
    <ClCompile Include="DFS\[백준]13460_구슬탈출2.cpp">
      <Filter>소스 파일</Filter>
    </ClCompile>
    <ClCompile Include="src\[백준]2156_포도주시식.cpp">
      <Filter>소스 파일</Filter>
    </ClCompile>
    <ClCompile Include="src\[SWEA]4012_요리사.cpp">
      <Filter>소스 파일</Filter>
    </ClCompile>
    <ClCompile Include="Simulation\[백준]3190_뱀.cpp">
      <Filter>소스 파일</Filter>
    </ClCompile>
    <ClCompile Include="DFS\[백준]12100_2048%28easy%29.cpp">
      <Filter>소스 파일</Filter>
    </ClCompile>
    <ClCompile Include="DFS\[백준]9207_페그솔리테어.cpp">
      <Filter>소스 파일</Filter>
    </ClCompile>
    <ClCompile Include="Simulation\[백준]14503_로봇청소기.cpp">
      <Filter>소스 파일</Filter>
    </ClCompile>
    <ClCompile Include="DFS\[백준]9205_맥주마시면서걸어가기.cpp">
      <Filter>소스 파일</Filter>
    </ClCompile>
    <ClCompile Include="DP\[백준]2579_계단오르기.cpp">
      <Filter>소스 파일</Filter>
    </ClCompile>
    <ClCompile Include="BFS\[백준]1697_숨바꼭질.cpp">
      <Filter>소스 파일</Filter>
    </ClCompile>
    <ClCompile Include="DFS\[SWEA]1767_프로세서연결하기.cpp">
      <Filter>소스 파일</Filter>
    </ClCompile>
    <ClCompile Include="src\[SWEA]4014_활주로건설.cpp">
      <Filter>소스 파일</Filter>
    </ClCompile>
    <ClCompile Include="src\[백준]1904_01타일.cpp">
      <Filter>소스 파일</Filter>
    </ClCompile>
    <ClCompile Include="src\[백준]11559_PuyoPuyo.cpp">
      <Filter>소스 파일</Filter>
    </ClCompile>
    <ClCompile Include="src\[백준]13458_시험감독.cpp">
      <Filter>소스 파일</Filter>
    </ClCompile>
    <ClCompile Include="src\[백준]2146_다리만들기.cpp">
      <Filter>소스 파일</Filter>
    </ClCompile>
    <ClCompile Include="test\queue_stack.cpp">
      <Filter>소스 파일</Filter>
    </ClCompile>
    <ClCompile Include="test\struct_test.cpp">
      <Filter>소스 파일</Filter>
    </ClCompile>
    <ClCompile Include="test\test_multiarr.cpp">
      <Filter>소스 파일</Filter>
    </ClCompile>
    <ClCompile Include="test\test_pq.cpp">
      <Filter>소스 파일</Filter>
    </ClCompile>
    <ClCompile Include="test\test_vector.cpp">
      <Filter>소스 파일</Filter>
    </ClCompile>
    <ClCompile Include="test\test_vector2.cpp">
      <Filter>소스 파일</Filter>
    </ClCompile>
    <ClCompile Include="src\[백준]15683_감시%28하드코딩%29.cpp">
      <Filter>소스 파일</Filter>
    </ClCompile>
    <ClCompile Include="src\[백준]15683_감시(C++스타일).cpp">
      <Filter>소스 파일</Filter>
    </ClCompile>
    <ClCompile Include="src\[백준]15683_감시(최적화v).cpp">
      <Filter>소스 파일</Filter>
    </ClCompile>
    <ClCompile Include="src\[백준]15955_부스터.cpp">
      <Filter>소스 파일</Filter>
    </ClCompile>
    <ClCompile Include="src\[백준]14499_주사위굴리기.cpp">
      <Filter>소스 파일</Filter>
    </ClCompile>
    <ClCompile Include="src\[백준]14500_테트로미노.cpp">
      <Filter>소스 파일</Filter>
    </ClCompile>
    <ClCompile Include="src\[SWEA]4013_특이한자석.cpp">
      <Filter>소스 파일</Filter>
    </ClCompile>
    <ClCompile Include="src\[SWEA]2477_차량정비소.cpp">
      <Filter>소스 파일</Filter>
    </ClCompile>
    <ClCompile Include="src\[백준]15684_사다리조작.cpp">
      <Filter>소스 파일</Filter>
    </ClCompile>
    <ClCompile Include="src\[백준]3197_백조의호수.cpp">
      <Filter>소스 파일</Filter>
    </ClCompile>
    <ClCompile Include="src\[SWEA]2105_디저트카페.cpp">
      <Filter>소스 파일</Filter>
    </ClCompile>
    <ClCompile Include="src\[SWEA]5656_벽돌깨기.cpp">
      <Filter>소스 파일</Filter>
    </ClCompile>
    <ClCompile Include="src\[SWEA]5658_보물상자비밀번호.cpp">
      <Filter>소스 파일</Filter>
    </ClCompile>
    <ClCompile Include="src\[SWEA]2382_미생물격리.cpp">
      <Filter>소스 파일</Filter>
    </ClCompile>
    <ClCompile Include="src\[SWEA]5653_줄기세포.cpp">
      <Filter>소스 파일</Filter>
    </ClCompile>
  </ItemGroup>
</Project>